
Microsoft Visual Studio Solution File, Format Version 12.00
# Visual Studio Version 17
VisualStudioVersion = 17.14.37012.4 d17.14
MinimumVisualStudioVersion = 10.0.40219.1
Project("{FAE04EC0-301F-11D3-BF4B-00C04F79EFBC}") = "Report.API", "Report.API\Report.API.csproj", "{30683DE7-7811-4654-9D1E-7E45C0A54203}"
EndProject
Global
	GlobalSection(SolutionConfigurationPlatforms) = preSolution
		Debug|Any CPU = Debug|Any CPU
		Release|Any CPU = Release|Any CPU
	EndGlobalSection
	GlobalSection(ProjectConfigurationPlatforms) = postSolution
		{30683DE7-7811-4654-9D1E-7E45C0A54203}.Debug|Any CPU.ActiveCfg = Debug|Any CPU
		{30683DE7-7811-4654-9D1E-7E45C0A54203}.Debug|Any CPU.Build.0 = Debug|Any CPU
		{30683DE7-7811-4654-9D1E-7E45C0A54203}.Release|Any CPU.ActiveCfg = Release|Any CPU
		{30683DE7-7811-4654-9D1E-7E45C0A54203}.Release|Any CPU.Build.0 = Release|Any CPU
	EndGlobalSection
	GlobalSection(SolutionProperties) = preSolution
		HideSolutionNode = FALSE
	EndGlobalSection
	GlobalSection(ExtensibilityGlobals) = postSolution
		SolutionGuid = {2424D7C0-E6BB-4D68-BD3B-97136E3C3E68}
	EndGlobalSection
EndGlobal
